
Microsoft Visual Studio Solution File, Format Version 12.00
# Visual Studio Version 17
VisualStudioVersion = 17.8.34330.188
MinimumVisualStudioVersion = 10.0.40219.1
Project("{FAE04EC0-301F-11D3-BF4B-00C04F79EFBC}") = "WpfApp1MartinSonsecaEduardoExamenXAML", "WpfApp1MartinSonsecaEduardoExamenXAML.csproj", "{BA86CA9E-4983-4BF4-A65A-B7D3ED760236}"
EndProject
Global
	GlobalSection(SolutionConfigurationPlatforms) = preSolution
		Debug|Any CPU = Debug|Any CPU
		Release|Any CPU = Release|Any CPU
	EndGlobalSection
	GlobalSection(ProjectConfigurationPlatforms) = postSolution
		{BA86CA9E-4983-4BF4-A65A-B7D3ED760236}.Debug|Any CPU.ActiveCfg = Debug|Any CPU
		{BA86CA9E-4983-4BF4-A65A-B7D3ED760236}.Debug|Any CPU.Build.0 = Debug|Any CPU
		{BA86CA9E-4983-4BF4-A65A-B7D3ED760236}.Release|Any CPU.ActiveCfg = Release|Any CPU
		{BA86CA9E-4983-4BF4-A65A-B7D3ED760236}.Release|Any CPU.Build.0 = Release|Any CPU
	EndGlobalSection
	GlobalSection(SolutionProperties) = preSolution
		HideSolutionNode = FALSE
	EndGlobalSection
	GlobalSection(ExtensibilityGlobals) = postSolution
		SolutionGuid = {1B0940C6-04C8-4BD2-B42C-ECC4D327BF6F}
	EndGlobalSection
EndGlobal
