
Microsoft Visual Studio Solution File, Format Version 12.00
# Visual Studio Version 17
VisualStudioVersion = 17.8.34316.72
MinimumVisualStudioVersion = 10.0.40219.1
Project("{FAE04EC0-301F-11D3-BF4B-00C04F79EFBC}") = "Estilos_Plantillas", "Estilos_Plantillas.csproj", "{6DC07A32-B2B4-4A81-AA92-69783CAE1DC9}"
EndProject
Global
	GlobalSection(SolutionConfigurationPlatforms) = preSolution
		Debug|Any CPU = Debug|Any CPU
		Release|Any CPU = Release|Any CPU
	EndGlobalSection
	GlobalSection(ProjectConfigurationPlatforms) = postSolution
		{6DC07A32-B2B4-4A81-AA92-69783CAE1DC9}.Debug|Any CPU.ActiveCfg = Debug|Any CPU
		{6DC07A32-B2B4-4A81-AA92-69783CAE1DC9}.Debug|Any CPU.Build.0 = Debug|Any CPU
		{6DC07A32-B2B4-4A81-AA92-69783CAE1DC9}.Release|Any CPU.ActiveCfg = Release|Any CPU
		{6DC07A32-B2B4-4A81-AA92-69783CAE1DC9}.Release|Any CPU.Build.0 = Release|Any CPU
	EndGlobalSection
	GlobalSection(SolutionProperties) = preSolution
		HideSolutionNode = FALSE
	EndGlobalSection
	GlobalSection(ExtensibilityGlobals) = postSolution
		SolutionGuid = {69F80B52-12A0-49D2-AAD3-74CE308ECAB6}
	EndGlobalSection
EndGlobal
